
Microsoft Visual Studio Solution File, Format Version 12.00
# Visual Studio Version 16
VisualStudioVersion = 16.0.31025.194
MinimumVisualStudioVersion = 10.0.40219.1
Project("{FAE04EC0-301F-11D3-BF4B-00C04F79EFBC}") = "2048 Game WinForms", "2048 Game WinForms\2048 Game WinForms.csproj", "{2DDD647D-8737-4AEE-85CE-56D140B39401}"
EndProject
Global
	GlobalSection(SolutionConfigurationPlatforms) = preSolution
		Debug|Any CPU = Debug|Any CPU
		Release|Any CPU = Release|Any CPU
	EndGlobalSection
	GlobalSection(ProjectConfigurationPlatforms) = postSolution
		{2DDD647D-8737-4AEE-85CE-56D140B39401}.Debug|Any CPU.ActiveCfg = Debug|Any CPU
		{2DDD647D-8737-4AEE-85CE-56D140B39401}.Debug|Any CPU.Build.0 = Debug|Any CPU
		{2DDD647D-8737-4AEE-85CE-56D140B39401}.Release|Any CPU.ActiveCfg = Release|Any CPU
		{2DDD647D-8737-4AEE-85CE-56D140B39401}.Release|Any CPU.Build.0 = Release|Any CPU
	EndGlobalSection
	GlobalSection(SolutionProperties) = preSolution
		HideSolutionNode = FALSE
	EndGlobalSection
	GlobalSection(ExtensibilityGlobals) = postSolution
		SolutionGuid = {5E82C17B-EF70-4858-83C5-2A8D60B8D44D}
	EndGlobalSection
EndGlobal
